
Microsoft Visual Studio Solution File, Format Version 12.00
# Visual Studio 15
VisualStudioVersion = 15.0.27428.2015
MinimumVisualStudioVersion = 10.0.40219.1
Project("{FAE04EC0-301F-11D3-BF4B-00C04F79EFBC}") = "TransparentOverlay", "TransparentOverlay\TransparentOverlay.csproj", "{CC3EA781-779A-42B7-A85D-6D4829638E22}"
EndProject
Global
	GlobalSection(SolutionConfigurationPlatforms) = preSolution
		Debug|Any CPU = Debug|Any CPU
		Release|Any CPU = Release|Any CPU
	EndGlobalSection
	GlobalSection(ProjectConfigurationPlatforms) = postSolution
		{CC3EA781-779A-42B7-A85D-6D4829638E22}.Debug|Any CPU.ActiveCfg = Debug|Any CPU
		{CC3EA781-779A-42B7-A85D-6D4829638E22}.Debug|Any CPU.Build.0 = Debug|Any CPU
		{CC3EA781-779A-42B7-A85D-6D4829638E22}.Release|Any CPU.ActiveCfg = Release|Any CPU
		{CC3EA781-779A-42B7-A85D-6D4829638E22}.Release|Any CPU.Build.0 = Release|Any CPU
	EndGlobalSection
	GlobalSection(SolutionProperties) = preSolution
		HideSolutionNode = FALSE
	EndGlobalSection
	GlobalSection(ExtensibilityGlobals) = postSolution
		SolutionGuid = {B193C00F-37D5-445C-9D92-E48AE1DEDDE6}
	EndGlobalSection
EndGlobal
